
Microsoft Visual Studio Solution File, Format Version 12.00
# Visual Studio Version 17
VisualStudioVersion = 17.4.33205.214
MinimumVisualStudioVersion = 10.0.40219.1
Project("{FAE04EC0-301F-11D3-BF4B-00C04F79EFBC}") = "NZWalks.api", "NZWalks.api\NZWalks.api.csproj", "{640731D4-829B-45AB-86B2-F68388660875}"
EndProject
Global
	GlobalSection(SolutionConfigurationPlatforms) = preSolution
		Debug|Any CPU = Debug|Any CPU
		Release|Any CPU = Release|Any CPU
	EndGlobalSection
	GlobalSection(ProjectConfigurationPlatforms) = postSolution
		{640731D4-829B-45AB-86B2-F68388660875}.Debug|Any CPU.ActiveCfg = Debug|Any CPU
		{640731D4-829B-45AB-86B2-F68388660875}.Debug|Any CPU.Build.0 = Debug|Any CPU
		{640731D4-829B-45AB-86B2-F68388660875}.Release|Any CPU.ActiveCfg = Release|Any CPU
		{640731D4-829B-45AB-86B2-F68388660875}.Release|Any CPU.Build.0 = Release|Any CPU
	EndGlobalSection
	GlobalSection(SolutionProperties) = preSolution
		HideSolutionNode = FALSE
	EndGlobalSection
	GlobalSection(ExtensibilityGlobals) = postSolution
		SolutionGuid = {774B8F98-3A34-487E-8B32-0C96EBF8894E}
	EndGlobalSection
EndGlobal
